<?xml version="1.0" encoding="UTF-8" standalone="yes" ?>
<CodeBlocks_project_file>
	<FileVersion major="1" minor="6" />
	<Project>
		<Option title="QuizApp" />
		<Option pch_mode="2" />
		<Option compiler="gcc" />
		<Option virtualFolders="wxFrames/;wxFrames/Sources/;wxFrames/Headers/;QuizFiles/;QuizFiles/Sources/;QuizFiles/Headers/" />
		<Build>
			<Target title="Debug">
				<Option output="bin/Debug/QuizApp" prefix_auto="1" extension_auto="1" />
				<Option object_output="obj/Debug/" />
				<Option type="1" />
				<Option compiler="gcc" />
				<Compiler>
					<Add option="-g" />
					<Add directory="C:/Users/loris/Documents/Studium/Programmieren/C++/wxWidgets/lib/gcc810_x64_dll/mswu" />
					<Add directory="C:/Users/loris/Documents/Studium/Programmieren/C++/wxWidgets/include" />
				</Compiler>
				<Linker>
					<Add option="-static-libstdc++" />
					<Add option="-static-libgcc" />
					<Add option="-lwxmsw32u_core -lwxbase32u" />
					<Add directory="C:/Users/loris/Documents/Studium/Programmieren/C++/wxWidgets/lib/gcc810_x64_dll" />
				</Linker>
			</Target>
			<Target title="Release">
				<Option output="bin/Release/QuizApp" prefix_auto="1" extension_auto="1" />
				<Option object_output="obj/Release/" />
				<Option type="1" />
				<Option compiler="gcc" />
				<Compiler>
					<Add option="-O2" />
				</Compiler>
				<Linker>
					<Add option="-s" />
				</Linker>
			</Target>
		</Build>
		<Compiler>
			<Add option="-Wall" />
			<Add option="-fexceptions" />
		</Compiler>
		<Unit filename="Menu.cpp">
			<Option virtualFolder="QuizFiles/Sources/" />
		</Unit>
		<Unit filename="Menu.h">
			<Option virtualFolder="QuizFiles/Headers/" />
		</Unit>
		<Unit filename="MenuFrame.cpp">
			<Option virtualFolder="wxFrames/Sources/" />
		</Unit>
		<Unit filename="MenuFrame.h">
			<Option virtualFolder="wxFrames/Headers/" />
		</Unit>
		<Unit filename="Question.cpp">
			<Option virtualFolder="QuizFiles/Sources/" />
		</Unit>
		<Unit filename="Question.h">
			<Option virtualFolder="QuizFiles/Headers/" />
		</Unit>
		<Unit filename="QuestionChoice.cpp">
			<Option virtualFolder="QuizFiles/Sources/" />
		</Unit>
		<Unit filename="QuestionChoice.h">
			<Option virtualFolder="QuizFiles/Headers/" />
		</Unit>
		<Unit filename="QuestionInsert.cpp">
			<Option virtualFolder="QuizFiles/Sources/" />
		</Unit>
		<Unit filename="QuestionInsert.h">
			<Option virtualFolder="QuizFiles/Headers/" />
		</Unit>
		<Unit filename="Quiz.cpp">
			<Option virtualFolder="QuizFiles/Sources/" />
		</Unit>
		<Unit filename="Quiz.h">
			<Option virtualFolder="QuizFiles/Headers/" />
		</Unit>
		<Unit filename="QuizApp.cpp">
			<Option virtualFolder="wxFrames/Sources/" />
		</Unit>
		<Unit filename="QuizApp.h">
			<Option virtualFolder="wxFrames/Headers/" />
		</Unit>
		<Unit filename="QuizTable.cpp">
			<Option virtualFolder="QuizFiles/Sources/" />
		</Unit>
		<Unit filename="QuizTable.h">
			<Option virtualFolder="QuizFiles/Headers/" />
		</Unit>
		<Unit filename="main.cpp">
			<Option virtualFolder="QuizFiles/Sources/" />
		</Unit>
		<Extensions />
	</Project>
</CodeBlocks_project_file>
